
Microsoft Visual Studio Solution File, Format Version 12.00
# Visual Studio Version 16
VisualStudioVersion = 16.0.30804.86
MinimumVisualStudioVersion = 10.0.40219.1
Project("{FAE04EC0-301F-11D3-BF4B-00C04F79EFBC}") = "RestClient", "RestClient\RestClient.csproj", "{30766A14-1F8D-42B7-AA22-E7AD56EF2FDE}"
EndProject
Project("{FAE04EC0-301F-11D3-BF4B-00C04F79EFBC}") = "restapiclientlib", "restapiclientlib\restapiclientlib.csproj", "{C0BF66FF-1AA3-4E75-86D2-44DF34E27ACC}"
EndProject
Project("{FAE04EC0-301F-11D3-BF4B-00C04F79EFBC}") = "UnitTestRestapiLib", "UnitTestRestapiLib\UnitTestRestapiLib.csproj", "{7FEF1E79-87BD-471C-8773-3D6B137DA1C9}"
EndProject
Global
	GlobalSection(SolutionConfigurationPlatforms) = preSolution
		Debug|Any CPU = Debug|Any CPU
		Release|Any CPU = Release|Any CPU
	EndGlobalSection
	GlobalSection(ProjectConfigurationPlatforms) = postSolution
		{30766A14-1F8D-42B7-AA22-E7AD56EF2FDE}.Debug|Any CPU.ActiveCfg = Debug|Any CPU
		{30766A14-1F8D-42B7-AA22-E7AD56EF2FDE}.Debug|Any CPU.Build.0 = Debug|Any CPU
		{30766A14-1F8D-42B7-AA22-E7AD56EF2FDE}.Release|Any CPU.ActiveCfg = Release|Any CPU
		{30766A14-1F8D-42B7-AA22-E7AD56EF2FDE}.Release|Any CPU.Build.0 = Release|Any CPU
		{C0BF66FF-1AA3-4E75-86D2-44DF34E27ACC}.Debug|Any CPU.ActiveCfg = Debug|Any CPU
		{C0BF66FF-1AA3-4E75-86D2-44DF34E27ACC}.Debug|Any CPU.Build.0 = Debug|Any CPU
		{C0BF66FF-1AA3-4E75-86D2-44DF34E27ACC}.Release|Any CPU.ActiveCfg = Release|Any CPU
		{C0BF66FF-1AA3-4E75-86D2-44DF34E27ACC}.Release|Any CPU.Build.0 = Release|Any CPU
		{7FEF1E79-87BD-471C-8773-3D6B137DA1C9}.Debug|Any CPU.ActiveCfg = Debug|Any CPU
		{7FEF1E79-87BD-471C-8773-3D6B137DA1C9}.Debug|Any CPU.Build.0 = Debug|Any CPU
		{7FEF1E79-87BD-471C-8773-3D6B137DA1C9}.Release|Any CPU.ActiveCfg = Release|Any CPU
		{7FEF1E79-87BD-471C-8773-3D6B137DA1C9}.Release|Any CPU.Build.0 = Release|Any CPU
	EndGlobalSection
	GlobalSection(SolutionProperties) = preSolution
		HideSolutionNode = FALSE
	EndGlobalSection
	GlobalSection(ExtensibilityGlobals) = postSolution
		SolutionGuid = {6383178D-76C3-41A9-BF5A-C672088719D4}
	EndGlobalSection
EndGlobal
